
Microsoft Visual Studio Solution File, Format Version 12.00
# Visual Studio 15
VisualStudioVersion = 15.0.26730.15
MinimumVisualStudioVersion = 10.0.40219.1
Project("{FAE04EC0-301F-11D3-BF4B-00C04F79EFBC}") = "Loans", "Loans\Loans.csproj", "{7985FFD8-19EB-4463-965F-CBF89E4AB3F8}"
EndProject
Global
	GlobalSection(SolutionConfigurationPlatforms) = preSolution
		Debug|Any CPU = Debug|Any CPU
		Release|Any CPU = Release|Any CPU
	EndGlobalSection
	GlobalSection(ProjectConfigurationPlatforms) = postSolution
		{7985FFD8-19EB-4463-965F-CBF89E4AB3F8}.Debug|Any CPU.ActiveCfg = Debug|Any CPU
		{7985FFD8-19EB-4463-965F-CBF89E4AB3F8}.Debug|Any CPU.Build.0 = Debug|Any CPU
		{7985FFD8-19EB-4463-965F-CBF89E4AB3F8}.Release|Any CPU.ActiveCfg = Release|Any CPU
		{7985FFD8-19EB-4463-965F-CBF89E4AB3F8}.Release|Any CPU.Build.0 = Release|Any CPU
	EndGlobalSection
	GlobalSection(SolutionProperties) = preSolution
		HideSolutionNode = FALSE
	EndGlobalSection
	GlobalSection(ExtensibilityGlobals) = postSolution
		SolutionGuid = {09C4254D-7D9D-4870-927D-DBB694C4C46D}
	EndGlobalSection
EndGlobal
