{
  "lockfileVersion": 1,
  "dependencies": {
    "@angular/cdk": {
      "version": "github:angular/cdk-builds#3f5720833a6408b069f86fd242b1a1468eb8428b"
    },
    "@angular/material": {
      "version": "github:angular/material2-builds#b811356cb483d22c310893dbab5eb76b67c5d82d"
    },
    "tslib": {
      "version": "1.8.0",
      "resolved": "https://registry.npmjs.org/tslib/-/tslib-1.8.0.tgz",
      "integrity": "sha512-ymKWWZJST0/CkgduC2qkzjMOWr4bouhuURNXCn/inEX0L57BnRG6FhX76o7FOnsjHazCjfU2LKeSrlS2sIKQJg=="
    }
  }
}
